// !$*UTF8*$!
{
	archiveVersion = 1;
	classes = {
	};
	objectVersion = 50;
	objects = {

/* Begin PBXBuildFile section */
		4E68817625AE470700DDC5FB /* LandmarksApp.swift in Sources */ = {isa = PBXBuildFile; fileRef = 4E68817525AE470700DDC5FB /* LandmarksApp.swift */; };
		4E68817825AE470700DDC5FB /* ContentView.swift in Sources */ = {isa = PBXBuildFile; fileRef = 4E68817725AE470700DDC5FB /* ContentView.swift */; };
		4E68817A25AE470C00DDC5FB /* Assets.xcassets in Resources */ = {isa = PBXBuildFile; fileRef = 4E68817925AE470C00DDC5FB /* Assets.xcassets */; };
		4E68817D25AE470C00DDC5FB /* Preview Assets.xcassets in Resources */ = {isa = PBXBuildFile; fileRef = 4E68817C25AE470C00DDC5FB /* Preview Assets.xcassets */; };
		4E68818825AE470D00DDC5FB /* LandmarksTests.swift in Sources */ = {isa = PBXBuildFile; fileRef = 4E68818725AE470D00DDC5FB /* LandmarksTests.swift */; };
		4E68819325AE470D00DDC5FB /* LandmarksUITests.swift in Sources */ = {isa = PBXBuildFile; fileRef = 4E68819225AE470D00DDC5FB /* LandmarksUITests.swift */; };
		4E6881A425AE4D5700DDC5FB /* CircleImage.swift in Sources */ = {isa = PBXBuildFile; fileRef = 4E6881A325AE4D5700DDC5FB /* CircleImage.swift */; };
		4E6881A925AE4ECB00DDC5FB /* MapView.swift in Sources */ = {isa = PBXBuildFile; fileRef = 4E6881A825AE4ECB00DDC5FB /* MapView.swift */; };
		4E8B351025AF9B1E006A71ED /* Landmark.swift in Sources */ = {isa = PBXBuildFile; fileRef = 4E8B350F25AF9B1E006A71ED /* Landmark.swift */; };
		4E8B351825AF9D86006A71ED /* ModelData.swift in Sources */ = {isa = PBXBuildFile; fileRef = 4E8B351725AF9D86006A71ED /* ModelData.swift */; };
		4E8B352425AF9F1C006A71ED /* LandmarkRow.swift in Sources */ = {isa = PBXBuildFile; fileRef = 4E8B352325AF9F1C006A71ED /* LandmarkRow.swift */; };
		92013E0A25CECC4D00F66C28 /* landmarkData.json in Resources */ = {isa = PBXBuildFile; fileRef = 92013E0925CECC4D00F66C28 /* landmarkData.json */; };
		92013E1A25CED13D00F66C28 /* LandmarkList.swift in Sources */ = {isa = PBXBuildFile; fileRef = 92013E1925CED13D00F66C28 /* LandmarkList.swift */; };
		92013E1F25CED83400F66C28 /* LandmarkDetail.swift in Sources */ = {isa = PBXBuildFile; fileRef = 92013E1E25CED83400F66C28 /* LandmarkDetail.swift */; };
		924BBE3225D97DA400F68CB0 /* BadgeSymbol.swift in Sources */ = {isa = PBXBuildFile; fileRef = 924BBE3125D97DA400F68CB0 /* BadgeSymbol.swift */; };
		928C9A5025D8530800C9BBDE /* RotatedBadgeSymbol.swift in Sources */ = {isa = PBXBuildFile; fileRef = 928C9A4F25D8530800C9BBDE /* RotatedBadgeSymbol.swift */; };
		928C9A5825D8551F00C9BBDE /* BadgeBackground.swift in Sources */ = {isa = PBXBuildFile; fileRef = 928C9A5725D8551F00C9BBDE /* BadgeBackground.swift */; };
		928C9A6025D8556400C9BBDE /* HexagonParameters.swift in Sources */ = {isa = PBXBuildFile; fileRef = 928C9A5F25D8556400C9BBDE /* HexagonParameters.swift */; };
		928C9A6825D857FD00C9BBDE /* Badge.swift in Sources */ = {isa = PBXBuildFile; fileRef = 928C9A6725D857FD00C9BBDE /* Badge.swift */; };
		92AF60C925D466100051807E /* FavoriteButton.swift in Sources */ = {isa = PBXBuildFile; fileRef = 92AF60C825D466100051807E /* FavoriteButton.swift */; };
		92F4876425D5B85700C8F529 /* Helpful Links in Resources */ = {isa = PBXBuildFile; fileRef = 92F4876325D5B85700C8F529 /* Helpful Links */; };
/* End PBXBuildFile section */

/* Begin PBXContainerItemProxy section */
		4E68818425AE470D00DDC5FB /* PBXContainerItemProxy */ = {
			isa = PBXContainerItemProxy;
			containerPortal = 4E68816A25AE470700DDC5FB /* Project object */;
			proxyType = 1;
			remoteGlobalIDString = 4E68817125AE470700DDC5FB;
			remoteInfo = Landmarks;
		};
		4E68818F25AE470D00DDC5FB /* PBXContainerItemProxy */ = {
			isa = PBXContainerItemProxy;
			containerPortal = 4E68816A25AE470700DDC5FB /* Project object */;
			proxyType = 1;
			remoteGlobalIDString = 4E68817125AE470700DDC5FB;
			remoteInfo = Landmarks;
		};
/* End PBXContainerItemProxy section */

/* Begin PBXFileReference section */
		4E68817225AE470700DDC5FB /* Landmarks.app */ = {isa = PBXFileReference; explicitFileType = wrapper.application; includeInIndex = 0; path = Landmarks.app; sourceTree = BUILT_PRODUCTS_DIR; };
		4E68817525AE470700DDC5FB /* LandmarksApp.swift */ = {isa = PBXFileReference; lastKnownFileType = sourcecode.swift; path = LandmarksApp.swift; sourceTree = "<group>"; };
		4E68817725AE470700DDC5FB /* ContentView.swift */ = {isa = PBXFileReference; lastKnownFileType = sourcecode.swift; path = ContentView.swift; sourceTree = "<group>"; };
		4E68817925AE470C00DDC5FB /* Assets.xcassets */ = {isa = PBXFileReference; lastKnownFileType = folder.assetcatalog; path = Assets.xcassets; sourceTree = "<group>"; };
		4E68817C25AE470C00DDC5FB /* Preview Assets.xcassets */ = {isa = PBXFileReference; lastKnownFileType = folder.assetcatalog; path = "Preview Assets.xcassets"; sourceTree = "<group>"; };
		4E68817E25AE470C00DDC5FB /* Info.plist */ = {isa = PBXFileReference; lastKnownFileType = text.plist.xml; path = Info.plist; sourceTree = "<group>"; };
		4E68818325AE470D00DDC5FB /* LandmarksTests.xctest */ = {isa = PBXFileReference; explicitFileType = wrapper.cfbundle; includeInIndex = 0; path = LandmarksTests.xctest; sourceTree = BUILT_PRODUCTS_DIR; };
		4E68818725AE470D00DDC5FB /* LandmarksTests.swift */ = {isa = PBXFileReference; lastKnownFileType = sourcecode.swift; path = LandmarksTests.swift; sourceTree = "<group>"; };
		4E68818925AE470D00DDC5FB /* Info.plist */ = {isa = PBXFileReference; lastKnownFileType = text.plist.xml; path = Info.plist; sourceTree = "<group>"; };
		4E68818E25AE470D00DDC5FB /* LandmarksUITests.xctest */ = {isa = PBXFileReference; explicitFileType = wrapper.cfbundle; includeInIndex = 0; path = LandmarksUITests.xctest; sourceTree = BUILT_PRODUCTS_DIR; };
		4E68819225AE470D00DDC5FB /* LandmarksUITests.swift */ = {isa = PBXFileReference; lastKnownFileType = sourcecode.swift; path = LandmarksUITests.swift; sourceTree = "<group>"; };
		4E68819425AE470D00DDC5FB /* Info.plist */ = {isa = PBXFileReference; lastKnownFileType = text.plist.xml; path = Info.plist; sourceTree = "<group>"; };
		4E6881A325AE4D5700DDC5FB /* CircleImage.swift */ = {isa = PBXFileReference; lastKnownFileType = sourcecode.swift; path = CircleImage.swift; sourceTree = "<group>"; };
		4E6881A825AE4ECB00DDC5FB /* MapView.swift */ = {isa = PBXFileReference; lastKnownFileType = sourcecode.swift; path = MapView.swift; sourceTree = "<group>"; };
		4E8B350F25AF9B1E006A71ED /* Landmark.swift */ = {isa = PBXFileReference; lastKnownFileType = sourcecode.swift; path = Landmark.swift; sourceTree = "<group>"; };
		4E8B351725AF9D86006A71ED /* ModelData.swift */ = {isa = PBXFileReference; lastKnownFileType = sourcecode.swift; path = ModelData.swift; sourceTree = "<group>"; };
		4E8B352325AF9F1C006A71ED /* LandmarkRow.swift */ = {isa = PBXFileReference; lastKnownFileType = sourcecode.swift; path = LandmarkRow.swift; sourceTree = "<group>"; };
		92013E0925CECC4D00F66C28 /* landmarkData.json */ = {isa = PBXFileReference; fileEncoding = 4; lastKnownFileType = text.json; path = landmarkData.json; sourceTree = "<group>"; };
		92013E1925CED13D00F66C28 /* LandmarkList.swift */ = {isa = PBXFileReference; lastKnownFileType = sourcecode.swift; path = LandmarkList.swift; sourceTree = "<group>"; };
		92013E1E25CED83400F66C28 /* LandmarkDetail.swift */ = {isa = PBXFileReference; lastKnownFileType = sourcecode.swift; path = LandmarkDetail.swift; sourceTree = "<group>"; };
		924BBE3125D97DA400F68CB0 /* BadgeSymbol.swift */ = {isa = PBXFileReference; lastKnownFileType = sourcecode.swift; path = BadgeSymbol.swift; sourceTree = "<group>"; };
		928C9A4F25D8530800C9BBDE /* RotatedBadgeSymbol.swift */ = {isa = PBXFileReference; lastKnownFileType = sourcecode.swift; path = RotatedBadgeSymbol.swift; sourceTree = "<group>"; };
		928C9A5725D8551F00C9BBDE /* BadgeBackground.swift */ = {isa = PBXFileReference; lastKnownFileType = sourcecode.swift; path = BadgeBackground.swift; sourceTree = "<group>"; };
		928C9A5F25D8556400C9BBDE /* HexagonParameters.swift */ = {isa = PBXFileReference; lastKnownFileType = sourcecode.swift; path = HexagonParameters.swift; sourceTree = "<group>"; };
		928C9A6725D857FD00C9BBDE /* Badge.swift */ = {isa = PBXFileReference; lastKnownFileType = sourcecode.swift; path = Badge.swift; sourceTree = "<group>"; };
		92AF60C825D466100051807E /* FavoriteButton.swift */ = {isa = PBXFileReference; lastKnownFileType = sourcecode.swift; path = FavoriteButton.swift; sourceTree = "<group>"; };
		92F4876325D5B85700C8F529 /* Helpful Links */ = {isa = PBXFileReference; lastKnownFileType = text; path = "Helpful Links"; sourceTree = "<group>"; };
/* End PBXFileReference section */

/* Begin PBXFrameworksBuildPhase section */
		4E68816F25AE470700DDC5FB /* Frameworks */ = {
			isa = PBXFrameworksBuildPhase;
			buildActionMask = 2147483647;
			files = (
			);
			runOnlyForDeploymentPostprocessing = 0;
		};
		4E68818025AE470D00DDC5FB /* Frameworks */ = {
			isa = PBXFrameworksBuildPhase;
			buildActionMask = 2147483647;
			files = (
			);
			runOnlyForDeploymentPostprocessing = 0;
		};
		4E68818B25AE470D00DDC5FB /* Frameworks */ = {
			isa = PBXFrameworksBuildPhase;
			buildActionMask = 2147483647;
			files = (
			);
			runOnlyForDeploymentPostprocessing = 0;
		};
/* End PBXFrameworksBuildPhase section */

/* Begin PBXGroup section */
		4E68816925AE470700DDC5FB = {
			isa = PBXGroup;
			children = (
				92F4876325D5B85700C8F529 /* Helpful Links */,
				92013E1525CECDA000F66C28 /* Resources */,
				4E68817425AE470700DDC5FB /* Landmarks */,
				4E68818625AE470D00DDC5FB /* LandmarksTests */,
				4E68819125AE470D00DDC5FB /* LandmarksUITests */,
				4E68817325AE470700DDC5FB /* Products */,
			);
			sourceTree = "<group>";
		};
		4E68817325AE470700DDC5FB /* Products */ = {
			isa = PBXGroup;
			children = (
				4E68817225AE470700DDC5FB /* Landmarks.app */,
				4E68818325AE470D00DDC5FB /* LandmarksTests.xctest */,
				4E68818E25AE470D00DDC5FB /* LandmarksUITests.xctest */,
			);
			name = Products;
			sourceTree = "<group>";
		};
		4E68817425AE470700DDC5FB /* Landmarks */ = {
			isa = PBXGroup;
			children = (
				4E68817525AE470700DDC5FB /* LandmarksApp.swift */,
				4E8B351C25AF9E69006A71ED /* Views */,
				4E8B352225AF9EC6006A71ED /* Model */,
				4E68817925AE470C00DDC5FB /* Assets.xcassets */,
				4E68817E25AE470C00DDC5FB /* Info.plist */,
				4E68817B25AE470C00DDC5FB /* Preview Content */,
			);
			path = Landmarks;
			sourceTree = "<group>";
		};
		4E68817B25AE470C00DDC5FB /* Preview Content */ = {
			isa = PBXGroup;
			children = (
				4E68817C25AE470C00DDC5FB /* Preview Assets.xcassets */,
			);
			path = "Preview Content";
			sourceTree = "<group>";
		};
		4E68818625AE470D00DDC5FB /* LandmarksTests */ = {
			isa = PBXGroup;
			children = (
				4E68818725AE470D00DDC5FB /* LandmarksTests.swift */,
				4E68818925AE470D00DDC5FB /* Info.plist */,
			);
			path = LandmarksTests;
			sourceTree = "<group>";
		};
		4E68819125AE470D00DDC5FB /* LandmarksUITests */ = {
			isa = PBXGroup;
			children = (
				4E68819225AE470D00DDC5FB /* LandmarksUITests.swift */,
				4E68819425AE470D00DDC5FB /* Info.plist */,
			);
			path = LandmarksUITests;
			sourceTree = "<group>";
		};
		4E8B351C25AF9E69006A71ED /* Views */ = {
			isa = PBXGroup;
			children = (
				924BBE3925D9827900F68CB0 /* Helpers */,
				928C9A4E25D852EF00C9BBDE /* Badge */,
				4E68817725AE470700DDC5FB /* ContentView.swift */,
				92AF60CE25D467950051807E /* Landmarks */,
			);
			path = Views;
			sourceTree = "<group>";
		};
		4E8B352225AF9EC6006A71ED /* Model */ = {
			isa = PBXGroup;
			children = (
				4E8B350F25AF9B1E006A71ED /* Landmark.swift */,
				4E8B351725AF9D86006A71ED /* ModelData.swift */,
			);
			path = Model;
			sourceTree = "<group>";
		};
		92013E1525CECDA000F66C28 /* Resources */ = {
			isa = PBXGroup;
			children = (
				92013E0925CECC4D00F66C28 /* landmarkData.json */,
			);
			path = Resources;
			sourceTree = "<group>";
		};
		924BBE3925D9827900F68CB0 /* Helpers */ = {
			isa = PBXGroup;
			children = (
			);
			path = Helpers;
			sourceTree = "<group>";
		};
		928C9A4E25D852EF00C9BBDE /* Badge */ = {
			isa = PBXGroup;
			children = (
				928C9A4F25D8530800C9BBDE /* RotatedBadgeSymbol.swift */,
				928C9A5725D8551F00C9BBDE /* BadgeBackground.swift */,
				928C9A5F25D8556400C9BBDE /* HexagonParameters.swift */,
				928C9A6725D857FD00C9BBDE /* Badge.swift */,
				924BBE3125D97DA400F68CB0 /* BadgeSymbol.swift */,
			);
			path = Badge;
			sourceTree = "<group>";
		};
		92AF60CD25D467870051807E /* Helpers */ = {
			isa = PBXGroup;
			children = (
				4E6881A325AE4D5700DDC5FB /* CircleImage.swift */,
				4E6881A825AE4ECB00DDC5FB /* MapView.swift */,
				92AF60C825D466100051807E /* FavoriteButton.swift */,
			);
			path = Helpers;
			sourceTree = "<group>";
		};
		92AF60CE25D467950051807E /* Landmarks */ = {
			isa = PBXGroup;
			children = (
				92AF60CD25D467870051807E /* Helpers */,
				4E8B352325AF9F1C006A71ED /* LandmarkRow.swift */,
				92013E1925CED13D00F66C28 /* LandmarkList.swift */,
				92013E1E25CED83400F66C28 /* LandmarkDetail.swift */,
			);
			path = Landmarks;
			sourceTree = "<group>";
		};
/* End PBXGroup section */

/* Begin PBXNativeTarget section */
		4E68817125AE470700DDC5FB /* Landmarks */ = {
			isa = PBXNativeTarget;
			buildConfigurationList = 4E68819725AE470D00DDC5FB /* Build configuration list for PBXNativeTarget "Landmarks" */;
			buildPhases = (
				4E68816E25AE470700DDC5FB /* Sources */,
				4E68816F25AE470700DDC5FB /* Frameworks */,
				4E68817025AE470700DDC5FB /* Resources */,
			);
			buildRules = (
			);
			dependencies = (
			);
			name = Landmarks;
			productName = Landmarks;
			productReference = 4E68817225AE470700DDC5FB /* Landmarks.app */;
			productType = "com.apple.product-type.application";
		};
		4E68818225AE470D00DDC5FB /* LandmarksTests */ = {
			isa = PBXNativeTarget;
			buildConfigurationList = 4E68819A25AE470D00DDC5FB /* Build configuration list for PBXNativeTarget "LandmarksTests" */;
			buildPhases = (
				4E68817F25AE470D00DDC5FB /* Sources */,
				4E68818025AE470D00DDC5FB /* Frameworks */,
				4E68818125AE470D00DDC5FB /* Resources */,
			);
			buildRules = (
			);
			dependencies = (
				4E68818525AE470D00DDC5FB /* PBXTargetDependency */,
			);
			name = LandmarksTests;
			productName = LandmarksTests;
			productReference = 4E68818325AE470D00DDC5FB /* LandmarksTests.xctest */;
			productType = "com.apple.product-type.bundle.unit-test";
		};
		4E68818D25AE470D00DDC5FB /* LandmarksUITests */ = {
			isa = PBXNativeTarget;
			buildConfigurationList = 4E68819D25AE470D00DDC5FB /* Build configuration list for PBXNativeTarget "LandmarksUITests" */;
			buildPhases = (
				4E68818A25AE470D00DDC5FB /* Sources */,
				4E68818B25AE470D00DDC5FB /* Frameworks */,
				4E68818C25AE470D00DDC5FB /* Resources */,
			);
			buildRules = (
			);
			dependencies = (
				4E68819025AE470D00DDC5FB /* PBXTargetDependency */,
			);
			name = LandmarksUITests;
			productName = LandmarksUITests;
			productReference = 4E68818E25AE470D00DDC5FB /* LandmarksUITests.xctest */;
			productType = "com.apple.product-type.bundle.ui-testing";
		};
/* End PBXNativeTarget section */

/* Begin PBXProject section */
		4E68816A25AE470700DDC5FB /* Project object */ = {
			isa = PBXProject;
			attributes = {
				LastSwiftUpdateCheck = 1230;
				LastUpgradeCheck = 1230;
				TargetAttributes = {
					4E68817125AE470700DDC5FB = {
						CreatedOnToolsVersion = 12.3;
					};
					4E68818225AE470D00DDC5FB = {
						CreatedOnToolsVersion = 12.3;
						TestTargetID = 4E68817125AE470700DDC5FB;
					};
					4E68818D25AE470D00DDC5FB = {
						CreatedOnToolsVersion = 12.3;
						TestTargetID = 4E68817125AE470700DDC5FB;
					};
				};
			};
			buildConfigurationList = 4E68816D25AE470700DDC5FB /* Build configuration list for PBXProject "Landmarks" */;
			compatibilityVersion = "Xcode 9.3";
			developmentRegion = en;
			hasScannedForEncodings = 0;
			knownRegions = (
				en,
				de,
			);
			mainGroup = 4E68816925AE470700DDC5FB;
			productRefGroup = 4E68817325AE470700DDC5FB /* Products */;
			projectDirPath = "";
			projectRoot = "";
			targets = (
				4E68817125AE470700DDC5FB /* Landmarks */,
				4E68818225AE470D00DDC5FB /* LandmarksTests */,
				4E68818D25AE470D00DDC5FB /* LandmarksUITests */,
			);
		};
/* End PBXProject section */

/* Begin PBXResourcesBuildPhase section */
		4E68817025AE470700DDC5FB /* Resources */ = {
			isa = PBXResourcesBuildPhase;
			buildActionMask = 2147483647;
			files = (
				92F4876425D5B85700C8F529 /* Helpful Links in Resources */,
				4E68817D25AE470C00DDC5FB /* Preview Assets.xcassets in Resources */,
				4E68817A25AE470C00DDC5FB /* Assets.xcassets in Resources */,
				92013E0A25CECC4D00F66C28 /* landmarkData.json in Resources */,
			);
			runOnlyForDeploymentPostprocessing = 0;
		};
		4E68818125AE470D00DDC5FB /* Resources */ = {
			isa = PBXResourcesBuildPhase;
			buildActionMask = 2147483647;
			files = (
			);
			runOnlyForDeploymentPostprocessing = 0;
		};
		4E68818C25AE470D00DDC5FB /* Resources */ = {
			isa = PBXResourcesBuildPhase;
			buildActionMask = 2147483647;
			files = (
			);
			runOnlyForDeploymentPostprocessing = 0;
		};
/* End PBXResourcesBuildPhase section */

/* Begin PBXSourcesBuildPhase section */
		4E68816E25AE470700DDC5FB /* Sources */ = {
			isa = PBXSourcesBuildPhase;
			buildActionMask = 2147483647;
			files = (
				928C9A6025D8556400C9BBDE /* HexagonParameters.swift in Sources */,
				928C9A6825D857FD00C9BBDE /* Badge.swift in Sources */,
				4E68817825AE470700DDC5FB /* ContentView.swift in Sources */,
				4E6881A925AE4ECB00DDC5FB /* MapView.swift in Sources */,
				4E68817625AE470700DDC5FB /* LandmarksApp.swift in Sources */,
				924BBE3225D97DA400F68CB0 /* BadgeSymbol.swift in Sources */,
				92AF60C925D466100051807E /* FavoriteButton.swift in Sources */,
				928C9A5025D8530800C9BBDE /* RotatedBadgeSymbol.swift in Sources */,
				92013E1A25CED13D00F66C28 /* LandmarkList.swift in Sources */,
				92013E1F25CED83400F66C28 /* LandmarkDetail.swift in Sources */,
				4E6881A425AE4D5700DDC5FB /* CircleImage.swift in Sources */,
				4E8B351025AF9B1E006A71ED /* Landmark.swift in Sources */,
				4E8B352425AF9F1C006A71ED /* LandmarkRow.swift in Sources */,
				928C9A5825D8551F00C9BBDE /* BadgeBackground.swift in Sources */,
				4E8B351825AF9D86006A71ED /* ModelData.swift in Sources */,
			);
			runOnlyForDeploymentPostprocessing = 0;
		};
		4E68817F25AE470D00DDC5FB /* Sources */ = {
			isa = PBXSourcesBuildPhase;
			buildActionMask = 2147483647;
			files = (
				4E68818825AE470D00DDC5FB /* LandmarksTests.swift in Sources */,
			);
			runOnlyForDeploymentPostprocessing = 0;
		};
		4E68818A25AE470D00DDC5FB /* Sources */ = {
			isa = PBXSourcesBuildPhase;
			buildActionMask = 2147483647;
			files = (
				4E68819325AE470D00DDC5FB /* LandmarksUITests.swift in Sources */,
			);
			runOnlyForDeploymentPostprocessing = 0;
		};
/* End PBXSourcesBuildPhase section */

/* Begin PBXTargetDependency section */
		4E68818525AE470D00DDC5FB /* PBXTargetDependency */ = {
			isa = PBXTargetDependency;
			target = 4E68817125AE470700DDC5FB /* Landmarks */;
			targetProxy = 4E68818425AE470D00DDC5FB /* PBXContainerItemProxy */;
		};
		4E68819025AE470D00DDC5FB /* PBXTargetDependency */ = {
			isa = PBXTargetDependency;
			target = 4E68817125AE470700DDC5FB /* Landmarks */;
			targetProxy = 4E68818F25AE470D00DDC5FB /* PBXContainerItemProxy */;
		};
/* End PBXTargetDependency section */

/* Begin XCBuildConfiguration section */
		4E68819525AE470D00DDC5FB /* Debug */ = {
			isa = XCBuildConfiguration;
			buildSettings = {
				ALWAYS_SEARCH_USER_PATHS = NO;
				CLANG_ANALYZER_NONNULL = YES;
				CLANG_ANALYZER_NUMBER_OBJECT_CONVERSION = YES_AGGRESSIVE;
				CLANG_CXX_LANGUAGE_STANDARD = "gnu++14";
				CLANG_CXX_LIBRARY = "libc++";
				CLANG_ENABLE_MODULES = YES;
				CLANG_ENABLE_OBJC_ARC = YES;
				CLANG_ENABLE_OBJC_WEAK = YES;
				CLANG_WARN_BLOCK_CAPTURE_AUTORELEASING = YES;
				CLANG_WARN_BOOL_CONVERSION = YES;
				CLANG_WARN_COMMA = YES;
				CLANG_WARN_CONSTANT_CONVERSION = YES;
				CLANG_WARN_DEPRECATED_OBJC_IMPLEMENTATIONS = YES;
				CLANG_WARN_DIRECT_OBJC_ISA_USAGE = YES_ERROR;
				CLANG_WARN_DOCUMENTATION_COMMENTS = YES;
				CLANG_WARN_EMPTY_BODY = YES;
				CLANG_WARN_ENUM_CONVERSION = YES;
				CLANG_WARN_INFINITE_RECURSION = YES;
				CLANG_WARN_INT_CONVERSION = YES;
				CLANG_WARN_NON_LITERAL_NULL_CONVERSION = YES;
				CLANG_WARN_OBJC_IMPLICIT_RETAIN_SELF = YES;
				CLANG_WARN_OBJC_LITERAL_CONVERSION = YES;
				CLANG_WARN_OBJC_ROOT_CLASS = YES_ERROR;
				CLANG_WARN_QUOTED_INCLUDE_IN_FRAMEWORK_HEADER = YES;
				CLANG_WARN_RANGE_LOOP_ANALYSIS = YES;
				CLANG_WARN_STRICT_PROTOTYPES = YES;
				CLANG_WARN_SUSPICIOUS_MOVE = YES;
				CLANG_WARN_UNGUARDED_AVAILABILITY = YES_AGGRESSIVE;
				CLANG_WARN_UNREACHABLE_CODE = YES;
				CLANG_WARN__DUPLICATE_METHOD_MATCH = YES;
				COPY_PHASE_STRIP = NO;
				DEBUG_INFORMATION_FORMAT = dwarf;
				ENABLE_STRICT_OBJC_MSGSEND = YES;
				ENABLE_TESTABILITY = YES;
				GCC_C_LANGUAGE_STANDARD = gnu11;
				GCC_DYNAMIC_NO_PIC = NO;
				GCC_NO_COMMON_BLOCKS = YES;
				GCC_OPTIMIZATION_LEVEL = 0;
				GCC_PREPROCESSOR_DEFINITIONS = (
					"DEBUG=1",
					"$(inherited)",
				);
				GCC_WARN_64_TO_32_BIT_CONVERSION = YES;
				GCC_WARN_ABOUT_RETURN_TYPE = YES_ERROR;
				GCC_WARN_UNDECLARED_SELECTOR = YES;
				GCC_WARN_UNINITIALIZED_AUTOS = YES_AGGRESSIVE;
				GCC_WARN_UNUSED_FUNCTION = YES;
				GCC_WARN_UNUSED_VARIABLE = YES;
				IPHONEOS_DEPLOYMENT_TARGET = 9.0;
				MTL_ENABLE_DEBUG_INFO = INCLUDE_SOURCE;
				MTL_FAST_MATH = YES;
				ONLY_ACTIVE_ARCH = YES;
				SDKROOT = iphoneos;
				SWIFT_ACTIVE_COMPILATION_CONDITIONS = DEBUG;
				SWIFT_OPTIMIZATION_LEVEL = "-Onone";
			};
			name = Debug;
		};
		4E68819625AE470D00DDC5FB /* Release */ = {
			isa = XCBuildConfiguration;
			buildSettings = {
				ALWAYS_SEARCH_USER_PATHS = NO;
				CLANG_ANALYZER_NONNULL = YES;
				CLANG_ANALYZER_NUMBER_OBJECT_CONVERSION = YES_AGGRESSIVE;
				CLANG_CXX_LANGUAGE_STANDARD = "gnu++14";
				CLANG_CXX_LIBRARY = "libc++";
				CLANG_ENABLE_MODULES = YES;
				CLANG_ENABLE_OBJC_ARC = YES;
				CLANG_ENABLE_OBJC_WEAK = YES;
				CLANG_WARN_BLOCK_CAPTURE_AUTORELEASING = YES;
				CLANG_WARN_BOOL_CONVERSION = YES;
				CLANG_WARN_COMMA = YES;
				CLANG_WARN_CONSTANT_CONVERSION = YES;
				CLANG_WARN_DEPRECATED_OBJC_IMPLEMENTATIONS = YES;
				CLANG_WARN_DIRECT_OBJC_ISA_USAGE = YES_ERROR;
				CLANG_WARN_DOCUMENTATION_COMMENTS = YES;
				CLANG_WARN_EMPTY_BODY = YES;
				CLANG_WARN_ENUM_CONVERSION = YES;
				CLANG_WARN_INFINITE_RECURSION = YES;
				CLANG_WARN_INT_CONVERSION = YES;
				CLANG_WARN_NON_LITERAL_NULL_CONVERSION = YES;
				CLANG_WARN_OBJC_IMPLICIT_RETAIN_SELF = YES;
				CLANG_WARN_OBJC_LITERAL_CONVERSION = YES;
				CLANG_WARN_OBJC_ROOT_CLASS = YES_ERROR;
				CLANG_WARN_QUOTED_INCLUDE_IN_FRAMEWORK_HEADER = YES;
				CLANG_WARN_RANGE_LOOP_ANALYSIS = YES;
				CLANG_WARN_STRICT_PROTOTYPES = YES;
				CLANG_WARN_SUSPICIOUS_MOVE = YES;
				CLANG_WARN_UNGUARDED_AVAILABILITY = YES_AGGRESSIVE;
				CLANG_WARN_UNREACHABLE_CODE = YES;
				CLANG_WARN__DUPLICATE_METHOD_MATCH = YES;
				COPY_PHASE_STRIP = NO;
				DEBUG_INFORMATION_FORMAT = "dwarf-with-dsym";
				ENABLE_NS_ASSERTIONS = NO;
				ENABLE_STRICT_OBJC_MSGSEND = YES;
				GCC_C_LANGUAGE_STANDARD = gnu11;
				GCC_NO_COMMON_BLOCKS = YES;
				GCC_WARN_64_TO_32_BIT_CONVERSION = YES;
				GCC_WARN_ABOUT_RETURN_TYPE = YES_ERROR;
				GCC_WARN_UNDECLARED_SELECTOR = YES;
				GCC_WARN_UNINITIALIZED_AUTOS = YES_AGGRESSIVE;
				GCC_WARN_UNUSED_FUNCTION = YES;
				GCC_WARN_UNUSED_VARIABLE = YES;
				IPHONEOS_DEPLOYMENT_TARGET = 9.0;
				MTL_ENABLE_DEBUG_INFO = NO;
				MTL_FAST_MATH = YES;
				SDKROOT = iphoneos;
				SWIFT_COMPILATION_MODE = wholemodule;
				SWIFT_OPTIMIZATION_LEVEL = "-O";
				VALIDATE_PRODUCT = YES;
			};
			name = Release;
		};
		4E68819825AE470D00DDC5FB /* Debug */ = {
			isa = XCBuildConfiguration;
			buildSettings = {
				ASSETCATALOG_COMPILER_APPICON_NAME = AppIcon;
				ASSETCATALOG_COMPILER_GLOBAL_ACCENT_COLOR_NAME = AccentColor;
				CODE_SIGN_STYLE = Automatic;
				DEVELOPMENT_ASSET_PATHS = "\"Landmarks/Preview Content\"";
				DEVELOPMENT_TEAM = Y75Q7JUZF4;
				ENABLE_PREVIEWS = YES;
				INFOPLIST_FILE = Landmarks/Info.plist;
				IPHONEOS_DEPLOYMENT_TARGET = 14.0;
				LD_RUNPATH_SEARCH_PATHS = (
					"$(inherited)",
					"@executable_path/Frameworks",
				);
				PRODUCT_BUNDLE_IDENTIFIER = com.Landmarks;
				PRODUCT_NAME = "$(TARGET_NAME)";
				SWIFT_VERSION = 5.0;
				TARGETED_DEVICE_FAMILY = "1,2";
			};
			name = Debug;
		};
		4E68819925AE470D00DDC5FB /* Release */ = {
			isa = XCBuildConfiguration;
			buildSettings = {
				ASSETCATALOG_COMPILER_APPICON_NAME = AppIcon;
				ASSETCATALOG_COMPILER_GLOBAL_ACCENT_COLOR_NAME = AccentColor;
				CODE_SIGN_STYLE = Automatic;
				DEVELOPMENT_ASSET_PATHS = "\"Landmarks/Preview Content\"";
				DEVELOPMENT_TEAM = Y75Q7JUZF4;
				ENABLE_PREVIEWS = YES;
				INFOPLIST_FILE = Landmarks/Info.plist;
				IPHONEOS_DEPLOYMENT_TARGET = 14.0;
				LD_RUNPATH_SEARCH_PATHS = (
					"$(inherited)",
					"@executable_path/Frameworks",
				);
				PRODUCT_BUNDLE_IDENTIFIER = com.Landmarks;
				PRODUCT_NAME = "$(TARGET_NAME)";
				SWIFT_VERSION = 5.0;
				TARGETED_DEVICE_FAMILY = "1,2";
			};
			name = Release;
		};
		4E68819B25AE470D00DDC5FB /* Debug */ = {
			isa = XCBuildConfiguration;
			buildSettings = {
				ALWAYS_EMBED_SWIFT_STANDARD_LIBRARIES = YES;
				BUNDLE_LOADER = "$(TEST_HOST)";
				"CODE_SIGN_IDENTITY[sdk=macosx*]" = "Apple Development";
				CODE_SIGN_STYLE = Automatic;
				DEVELOPMENT_TEAM = Y75Q7JUZF4;
				INFOPLIST_FILE = LandmarksTests/Info.plist;
				IPHONEOS_DEPLOYMENT_TARGET = 14.0;
				LD_RUNPATH_SEARCH_PATHS = (
					"$(inherited)",
					"@executable_path/Frameworks",
					"@loader_path/Frameworks",
				);
				PRODUCT_BUNDLE_IDENTIFIER = com.LandmarksTests;
				PRODUCT_NAME = "$(TARGET_NAME)";
				SWIFT_VERSION = 5.0;
				TARGETED_DEVICE_FAMILY = "1,2";
				TEST_HOST = "$(BUILT_PRODUCTS_DIR)/Landmarks.app/Landmarks";
			};
			name = Debug;
		};
		4E68819C25AE470D00DDC5FB /* Release */ = {
			isa = XCBuildConfiguration;
			buildSettings = {
				ALWAYS_EMBED_SWIFT_STANDARD_LIBRARIES = YES;
				BUNDLE_LOADER = "$(TEST_HOST)";
				"CODE_SIGN_IDENTITY[sdk=macosx*]" = "Apple Development";
				CODE_SIGN_STYLE = Automatic;
				DEVELOPMENT_TEAM = Y75Q7JUZF4;
				INFOPLIST_FILE = LandmarksTests/Info.plist;
				IPHONEOS_DEPLOYMENT_TARGET = 14.0;
				LD_RUNPATH_SEARCH_PATHS = (
					"$(inherited)",
					"@executable_path/Frameworks",
					"@loader_path/Frameworks",
				);
				PRODUCT_BUNDLE_IDENTIFIER = com.LandmarksTests;
				PRODUCT_NAME = "$(TARGET_NAME)";
				SWIFT_VERSION = 5.0;
				TARGETED_DEVICE_FAMILY = "1,2";
				TEST_HOST = "$(BUILT_PRODUCTS_DIR)/Landmarks.app/Landmarks";
			};
			name = Release;
		};
		4E68819E25AE470D00DDC5FB /* Debug */ = {
			isa = XCBuildConfiguration;
			buildSettings = {
				ALWAYS_EMBED_SWIFT_STANDARD_LIBRARIES = YES;
				CODE_SIGN_STYLE = Automatic;
				DEVELOPMENT_TEAM = Y75Q7JUZF4;
				INFOPLIST_FILE = LandmarksUITests/Info.plist;
				LD_RUNPATH_SEARCH_PATHS = (
					"$(inherited)",
					"@executable_path/Frameworks",
					"@loader_path/Frameworks",
				);
				PRODUCT_BUNDLE_IDENTIFIER = com.LandmarksUITests;
				PRODUCT_NAME = "$(TARGET_NAME)";
				SWIFT_VERSION = 5.0;
				TARGETED_DEVICE_FAMILY = "1,2";
				TEST_TARGET_NAME = Landmarks;
			};
			name = Debug;
		};
		4E68819F25AE470D00DDC5FB /* Release */ = {
			isa = XCBuildConfiguration;
			buildSettings = {
				ALWAYS_EMBED_SWIFT_STANDARD_LIBRARIES = YES;
				CODE_SIGN_STYLE = Automatic;
				DEVELOPMENT_TEAM = Y75Q7JUZF4;
				INFOPLIST_FILE = LandmarksUITests/Info.plist;
				LD_RUNPATH_SEARCH_PATHS = (
					"$(inherited)",
					"@executable_path/Frameworks",
					"@loader_path/Frameworks",
				);
				PRODUCT_BUNDLE_IDENTIFIER = com.LandmarksUITests;
				PRODUCT_NAME = "$(TARGET_NAME)";
				SWIFT_VERSION = 5.0;
				TARGETED_DEVICE_FAMILY = "1,2";
				TEST_TARGET_NAME = Landmarks;
			};
			name = Release;
		};
/* End XCBuildConfiguration section */

/* Begin XCConfigurationList section */
		4E68816D25AE470700DDC5FB /* Build configuration list for PBXProject "Landmarks" */ = {
			isa = XCConfigurationList;
			buildConfigurations = (
				4E68819525AE470D00DDC5FB /* Debug */,
				4E68819625AE470D00DDC5FB /* Release */,
			);
			defaultConfigurationIsVisible = 0;
			defaultConfigurationName = Release;
		};
		4E68819725AE470D00DDC5FB /* Build configuration list for PBXNativeTarget "Landmarks" */ = {
			isa = XCConfigurationList;
			buildConfigurations = (
				4E68819825AE470D00DDC5FB /* Debug */,
				4E68819925AE470D00DDC5FB /* Release */,
			);
			defaultConfigurationIsVisible = 0;
			defaultConfigurationName = Release;
		};
		4E68819A25AE470D00DDC5FB /* Build configuration list for PBXNativeTarget "LandmarksTests" */ = {
			isa = XCConfigurationList;
			buildConfigurations = (
				4E68819B25AE470D00DDC5FB /* Debug */,
				4E68819C25AE470D00DDC5FB /* Release */,
			);
			defaultConfigurationIsVisible = 0;
			defaultConfigurationName = Release;
		};
		4E68819D25AE470D00DDC5FB /* Build configuration list for PBXNativeTarget "LandmarksUITests" */ = {
			isa = XCConfigurationList;
			buildConfigurations = (
				4E68819E25AE470D00DDC5FB /* Debug */,
				4E68819F25AE470D00DDC5FB /* Release */,
			);
			defaultConfigurationIsVisible = 0;
			defaultConfigurationName = Release;
		};
/* End XCConfigurationList section */
	};
	rootObject = 4E68816A25AE470700DDC5FB /* Project object */;
}
